// !$*UTF8*$!
{
	archiveVersion = 1;
	classes = {
	};
	objectVersion = 56;
	objects = {

/* Begin PBXBuildFile section */
		A1000001201BCDEF /* CAIApp.swift in Sources */ = {isa = PBXBuildFile; fileRef = A1000011201BCDEF /* CAIApp.swift */; };
		A1000002201BCDEF /* ContentView.swift in Sources */ = {isa = PBXBuildFile; fileRef = A1000012201BCDEF /* ContentView.swift */; };
		A1000003201BCDEF /* ChatView.swift in Sources */ = {isa = PBXBuildFile; fileRef = A1000013201BCDEF /* ChatView.swift */; };
		A1000004201BCDEF /* ConversationsView.swift in Sources */ = {isa = PBXBuildFile; fileRef = A1000014201BCDEF /* ConversationsView.swift */; };
		A1000005201BCDEF /* SettingsView.swift in Sources */ = {isa = PBXBuildFile; fileRef = A1000015201BCDEF /* SettingsView.swift */; };
		A1000006201BCDEF /* ChatManager.swift in Sources */ = {isa = PBXBuildFile; fileRef = A1000016201BCDEF /* ChatManager.swift */; };
		A1000007201BCDEF /* ChatServiceProtocol.swift in Sources */ = {isa = PBXBuildFile; fileRef = A1000017201BCDEF /* ChatServiceProtocol.swift */; };
		A1000008201BCDEF /* NATSChatService.swift in Sources */ = {isa = PBXBuildFile; fileRef = A1000018201BCDEF /* NATSChatService.swift */; };
		A1000009201BCDEF /* BFFChatService.swift in Sources */ = {isa = PBXBuildFile; fileRef = A1000019201BCDEF /* BFFChatService.swift */; };
		A100000A201BCDEF /* AuthManager.swift in Sources */ = {isa = PBXBuildFile; fileRef = A100001A201BCDEF /* AuthManager.swift */; };
		A100000B201BCDEF /* Assets.xcassets in Resources */ = {isa = PBXBuildFile; fileRef = A100001B201BCDEF /* Assets.xcassets */; };
		B1000011201BCDEF /* APIModels.swift in Sources */ = {isa = PBXBuildFile; fileRef = B1000001201BCDEF /* APIModels.swift */; };
		B1000012201BCDEF /* APIClient.swift in Sources */ = {isa = PBXBuildFile; fileRef = B1000002201BCDEF /* APIClient.swift */; };
		B1000013201BCDEF /* Extensions.swift in Sources */ = {isa = PBXBuildFile; fileRef = B1000003201BCDEF /* Extensions.swift */; };
		B1000014201BCDEF /* BFFAPIService.swift in Sources */ = {isa = PBXBuildFile; fileRef = B1000004201BCDEF /* BFFAPIService.swift */; };
		B1000015201BCDEF /* RateLimitView.swift in Sources */ = {isa = PBXBuildFile; fileRef = B1000005201BCDEF /* RateLimitView.swift */; };
		B1000016201BCDEF /* StorageView.swift in Sources */ = {isa = PBXBuildFile; fileRef = B1000006201BCDEF /* StorageView.swift */; };
		C1000017201BCDEF /* MarkdownView.swift in Sources */ = {isa = PBXBuildFile; fileRef = C1000007201BCDEF /* MarkdownView.swift */; };
		F1000019201BCDEF /* SafariView.swift in Sources */ = {isa = PBXBuildFile; fileRef = F1000009201BCDEF /* SafariView.swift */; };
		G1000020201BCDEF /* CodeView.swift in Sources */ = {isa = PBXBuildFile; fileRef = G1000010201BCDEF /* CodeView.swift */; };
		G1000021201BCDEF /* CodeManager.swift in Sources */ = {isa = PBXBuildFile; fileRef = G1000011201BCDEF /* CodeManager.swift */; };
		H1000011201BCDEF /* SAPSystem.swift in Sources */ = {isa = PBXBuildFile; fileRef = H1000001201BCDEF /* SAPSystem.swift */; };
		H1000012201BCDEF /* KeychainStore.swift in Sources */ = {isa = PBXBuildFile; fileRef = H1000002201BCDEF /* KeychainStore.swift */; };
		K1000011201BCDEF /* HapticManager.swift in Sources */ = {isa = PBXBuildFile; fileRef = K1000001201BCDEF /* HapticManager.swift */; };
		H1000013201BCDEF /* SAPSystemStore.swift in Sources */ = {isa = PBXBuildFile; fileRef = H1000003201BCDEF /* SAPSystemStore.swift */; };
		H1000014201BCDEF /* CodeAPIService.swift in Sources */ = {isa = PBXBuildFile; fileRef = H1000004201BCDEF /* CodeAPIService.swift */; };
		H1000015201BCDEF /* SystemManagerView.swift in Sources */ = {isa = PBXBuildFile; fileRef = H1000005201BCDEF /* SystemManagerView.swift */; };
		J1000011201BCDEF /* ADTModels.swift in Sources */ = {isa = PBXBuildFile; fileRef = J1000001201BCDEF /* ADTModels.swift */; };
		J1000012201BCDEF /* ABAPHighlighter.swift in Sources */ = {isa = PBXBuildFile; fileRef = J1000002201BCDEF /* ABAPHighlighter.swift */; };
		J1000013201BCDEF /* ObjectBrowserView.swift in Sources */ = {isa = PBXBuildFile; fileRef = J1000003201BCDEF /* ObjectBrowserView.swift */; };
		J1000014201BCDEF /* SourceView.swift in Sources */ = {isa = PBXBuildFile; fileRef = J1000004201BCDEF /* SourceView.swift */; };
		D1000018201BCDEF /* StorageViewModel.swift in Sources */ = {isa = PBXBuildFile; fileRef = D1000008201BCDEF /* StorageViewModel.swift */; };
		E100001001BCDEF /* CAITests.swift in Sources */ = {isa = PBXBuildFile; fileRef = E100002001BCDEF /* CAITests.swift */; };
		E100001101BCDEF /* MockChatService.swift in Sources */ = {isa = PBXBuildFile; fileRef = E100002101BCDEF /* MockChatService.swift */; };
/* End PBXBuildFile section */

/* Begin PBXFileReference section */
		A1000011201BCDEF /* CAIApp.swift */ = {isa = PBXFileReference; lastKnownFileType = sourcecode.swift; path = CAIApp.swift; sourceTree = "<group>"; };
		A1000012201BCDEF /* ContentView.swift */ = {isa = PBXFileReference; lastKnownFileType = sourcecode.swift; path = ContentView.swift; sourceTree = "<group>"; };
		A1000013201BCDEF /* ChatView.swift */ = {isa = PBXFileReference; lastKnownFileType = sourcecode.swift; path = ChatView.swift; sourceTree = "<group>"; };
		A1000014201BCDEF /* ConversationsView.swift */ = {isa = PBXFileReference; lastKnownFileType = sourcecode.swift; path = ConversationsView.swift; sourceTree = "<group>"; };
		A1000015201BCDEF /* SettingsView.swift */ = {isa = PBXFileReference; lastKnownFileType = sourcecode.swift; path = SettingsView.swift; sourceTree = "<group>"; };
		A1000016201BCDEF /* ChatManager.swift */ = {isa = PBXFileReference; lastKnownFileType = sourcecode.swift; path = ChatManager.swift; sourceTree = "<group>"; };
		A1000017201BCDEF /* ChatServiceProtocol.swift */ = {isa = PBXFileReference; lastKnownFileType = sourcecode.swift; path = ChatServiceProtocol.swift; sourceTree = "<group>"; };
		A1000018201BCDEF /* NATSChatService.swift */ = {isa = PBXFileReference; lastKnownFileType = sourcecode.swift; path = NATSChatService.swift; sourceTree = "<group>"; };
		A1000019201BCDEF /* BFFChatService.swift */ = {isa = PBXFileReference; lastKnownFileType = sourcecode.swift; path = BFFChatService.swift; sourceTree = "<group>"; };
		A100001A201BCDEF /* AuthManager.swift */ = {isa = PBXFileReference; lastKnownFileType = sourcecode.swift; path = AuthManager.swift; sourceTree = "<group>"; };
		A100001B201BCDEF /* Assets.xcassets */ = {isa = PBXFileReference; lastKnownFileType = folder.assetcatalog; path = Assets.xcassets; sourceTree = "<group>"; };
		A100001C201BCDEF /* Info.plist */ = {isa = PBXFileReference; lastKnownFileType = text.plist.xml; path = Info.plist; sourceTree = "<group>"; };
		A1000020201BCDEF /* CAI.app */ = {isa = PBXFileReference; explicitFileType = wrapper.application; includeInIndex = 0; path = CAI.app; sourceTree = BUILT_PRODUCTS_DIR; };
		B1000001201BCDEF /* APIModels.swift */ = {isa = PBXFileReference; lastKnownFileType = sourcecode.swift; path = APIModels.swift; sourceTree = "<group>"; };
		B1000002201BCDEF /* APIClient.swift */ = {isa = PBXFileReference; lastKnownFileType = sourcecode.swift; path = APIClient.swift; sourceTree = "<group>"; };
		B1000003201BCDEF /* Extensions.swift */ = {isa = PBXFileReference; lastKnownFileType = sourcecode.swift; path = Extensions.swift; sourceTree = "<group>"; };
		B1000004201BCDEF /* BFFAPIService.swift */ = {isa = PBXFileReference; lastKnownFileType = sourcecode.swift; path = BFFAPIService.swift; sourceTree = "<group>"; };
		B1000005201BCDEF /* RateLimitView.swift */ = {isa = PBXFileReference; lastKnownFileType = sourcecode.swift; path = RateLimitView.swift; sourceTree = "<group>"; };
		B1000006201BCDEF /* StorageView.swift */ = {isa = PBXFileReference; lastKnownFileType = sourcecode.swift; path = StorageView.swift; sourceTree = "<group>"; };
		C1000007201BCDEF /* MarkdownView.swift */ = {isa = PBXFileReference; lastKnownFileType = sourcecode.swift; path = MarkdownView.swift; sourceTree = "<group>"; };
		F1000009201BCDEF /* SafariView.swift */ = {isa = PBXFileReference; lastKnownFileType = sourcecode.swift; path = SafariView.swift; sourceTree = "<group>"; };
		G1000010201BCDEF /* CodeView.swift */ = {isa = PBXFileReference; lastKnownFileType = sourcecode.swift; path = Code/CodeView.swift; sourceTree = "<group>"; };
		G1000011201BCDEF /* CodeManager.swift */ = {isa = PBXFileReference; lastKnownFileType = sourcecode.swift; path = CodeManager.swift; sourceTree = "<group>"; };
		H1000001201BCDEF /* SAPSystem.swift */ = {isa = PBXFileReference; lastKnownFileType = sourcecode.swift; path = SAPSystem.swift; sourceTree = "<group>"; };
		H1000002201BCDEF /* KeychainStore.swift */ = {isa = PBXFileReference; lastKnownFileType = sourcecode.swift; path = KeychainStore.swift; sourceTree = "<group>"; };
		K1000001201BCDEF /* HapticManager.swift */ = {isa = PBXFileReference; lastKnownFileType = sourcecode.swift; path = HapticManager.swift; sourceTree = "<group>"; };
		H1000003201BCDEF /* SAPSystemStore.swift */ = {isa = PBXFileReference; lastKnownFileType = sourcecode.swift; path = SAPSystemStore.swift; sourceTree = "<group>"; };
		H1000004201BCDEF /* CodeAPIService.swift */ = {isa = PBXFileReference; lastKnownFileType = sourcecode.swift; path = CodeAPIService.swift; sourceTree = "<group>"; };
		H1000005201BCDEF /* SystemManagerView.swift */ = {isa = PBXFileReference; lastKnownFileType = sourcecode.swift; path = Code/SystemManagerView.swift; sourceTree = "<group>"; };
		J1000001201BCDEF /* ADTModels.swift */ = {isa = PBXFileReference; lastKnownFileType = sourcecode.swift; path = ADTModels.swift; sourceTree = "<group>"; };
		J1000002201BCDEF /* ABAPHighlighter.swift */ = {isa = PBXFileReference; lastKnownFileType = sourcecode.swift; path = Code/ABAPHighlighter.swift; sourceTree = "<group>"; };
		J1000003201BCDEF /* ObjectBrowserView.swift */ = {isa = PBXFileReference; lastKnownFileType = sourcecode.swift; path = Code/ObjectBrowserView.swift; sourceTree = "<group>"; };
		J1000004201BCDEF /* SourceView.swift */ = {isa = PBXFileReference; lastKnownFileType = sourcecode.swift; path = Code/SourceView.swift; sourceTree = "<group>"; };
		D1000008201BCDEF /* StorageViewModel.swift */ = {isa = PBXFileReference; lastKnownFileType = sourcecode.swift; path = StorageViewModel.swift; sourceTree = "<group>"; };
		E100002001BCDEF /* CAITests.swift */ = {isa = PBXFileReference; lastKnownFileType = sourcecode.swift; path = CAITests.swift; sourceTree = "<group>"; };
		E100002101BCDEF /* MockChatService.swift */ = {isa = PBXFileReference; lastKnownFileType = sourcecode.swift; path = MockChatService.swift; sourceTree = "<group>"; };
		E100002201BCDEF /* CAITests.xctest */ = {isa = PBXFileReference; explicitFileType = wrapper.cfbundle; includeInIndex = 0; path = CAITests.xctest; sourceTree = BUILT_PRODUCTS_DIR; };
/* End PBXFileReference section */

/* Begin PBXFrameworksBuildPhase section */
		A1000030201BCDEF /* Frameworks */ = {
			isa = PBXFrameworksBuildPhase;
			buildActionMask = 2147483647;
			files = (
			);
			runOnlyForDeploymentPostprocessing = 0;
		};
/* End PBXFrameworksBuildPhase section */

/* Begin PBXContainerItemProxy section */
		E100004001BCDEF /* PBXContainerItemProxy */ = {
			isa = PBXContainerItemProxy;
			containerPortal = A1000080201BCDEF /* Project object */;
			proxyType = 1;
			remoteGlobalIDString = A1000060201BCDEF;
			remoteInfo = CAI;
		};
/* End PBXContainerItemProxy section */

/* Begin PBXTargetDependency section */
		E100005001BCDEF /* PBXTargetDependency */ = {
			isa = PBXTargetDependency;
			target = A1000060201BCDEF /* CAI */;
			targetProxy = E100004001BCDEF /* PBXContainerItemProxy */;
		};
/* End PBXTargetDependency section */

/* Begin PBXGroup section */
		A1000040201BCDEF = {
			isa = PBXGroup;
			children = (
				A1000041201BCDEF /* CAI */,
				E100003001BCDEF /* CAITests */,
				A1000050201BCDEF /* Products */,
			);
			sourceTree = "<group>";
		};
		A1000041201BCDEF /* CAI */ = {
			isa = PBXGroup;
			children = (
				A1000011201BCDEF /* CAIApp.swift */,
				A1000042201BCDEF /* Views */,
				A1000043201BCDEF /* ViewModels */,
				A1000044201BCDEF /* Services */,
				B1000020201BCDEF /* Models */,
				B1000021201BCDEF /* Utilities */,
				A100001B201BCDEF /* Assets.xcassets */,
				A100001C201BCDEF /* Info.plist */,
			);
			path = CAI;
			sourceTree = "<group>";
		};
		A1000042201BCDEF /* Views */ = {
			isa = PBXGroup;
			children = (
				A1000012201BCDEF /* ContentView.swift */,
				A1000013201BCDEF /* ChatView.swift */,
				A1000014201BCDEF /* ConversationsView.swift */,
				A1000015201BCDEF /* SettingsView.swift */,
				B1000005201BCDEF /* RateLimitView.swift */,
				B1000006201BCDEF /* StorageView.swift */,
				C1000007201BCDEF /* MarkdownView.swift */,
				F1000009201BCDEF /* SafariView.swift */,
				G1000010201BCDEF /* CodeView.swift */,
				H1000005201BCDEF /* SystemManagerView.swift */,
				J1000002201BCDEF /* ABAPHighlighter.swift */,
				J1000003201BCDEF /* ObjectBrowserView.swift */,
				J1000004201BCDEF /* SourceView.swift */,
			);
			path = Views;
			sourceTree = "<group>";
		};
		A1000043201BCDEF /* ViewModels */ = {
			isa = PBXGroup;
			children = (
				A1000016201BCDEF /* ChatManager.swift */,
				D1000008201BCDEF /* StorageViewModel.swift */,
				G1000011201BCDEF /* CodeManager.swift */,
			);
			path = ViewModels;
			sourceTree = "<group>";
		};
		A1000044201BCDEF /* Services */ = {
			isa = PBXGroup;
			children = (
				A1000017201BCDEF /* ChatServiceProtocol.swift */,
				A1000018201BCDEF /* NATSChatService.swift */,
				A1000019201BCDEF /* BFFChatService.swift */,
				A100001A201BCDEF /* AuthManager.swift */,
				B1000004201BCDEF /* BFFAPIService.swift */,
				H1000003201BCDEF /* SAPSystemStore.swift */,
				H1000004201BCDEF /* CodeAPIService.swift */,
			);
			path = Services;
			sourceTree = "<group>";
		};
		A1000050201BCDEF /* Products */ = {
			isa = PBXGroup;
			children = (
				A1000020201BCDEF /* CAI.app */,
				E100002201BCDEF /* CAITests.xctest */,
			);
			name = Products;
			sourceTree = "<group>";
		};
		E100003001BCDEF /* CAITests */ = {
			isa = PBXGroup;
			children = (
				E100002001BCDEF /* CAITests.swift */,
				E100002101BCDEF /* MockChatService.swift */,
			);
			path = CAITests;
			sourceTree = "<group>";
		};
		B1000020201BCDEF /* Models */ = {
			isa = PBXGroup;
			children = (
				B1000001201BCDEF /* APIModels.swift */,
				H1000001201BCDEF /* SAPSystem.swift */,
				J1000001201BCDEF /* ADTModels.swift */,
			);
			path = Models;
			sourceTree = "<group>";
		};
		B1000021201BCDEF /* Utilities */ = {
			isa = PBXGroup;
			children = (
				B1000002201BCDEF /* APIClient.swift */,
				B1000003201BCDEF /* Extensions.swift */,
				H1000002201BCDEF /* KeychainStore.swift */,
				K1000001201BCDEF /* HapticManager.swift */,
			);
			path = Utilities;
			sourceTree = "<group>";
		};
/* End PBXGroup section */

/* Begin PBXNativeTarget section */
		A1000060201BCDEF /* CAI */ = {
			isa = PBXNativeTarget;
			buildConfigurationList = A1000070201BCDEF /* Build configuration list for PBXNativeTarget "CAI" */;
			buildPhases = (
				A1000061201BCDEF /* Sources */,
				A1000030201BCDEF /* Frameworks */,
				A1000062201BCDEF /* Resources */,
			);
			buildRules = (
			);
			dependencies = (
			);
			name = CAI;
			productName = CAI;
			productReference = A1000020201BCDEF /* CAI.app */;
			productType = "com.apple.product-type.application";
		};
		E100007001BCDEF /* CAITests */ = {
			isa = PBXNativeTarget;
			buildConfigurationList = E100009001BCDEF /* Build configuration list for PBXNativeTarget "CAITests" */;
			buildPhases = (
				E100006001BCDEF /* Sources */,
			);
			buildRules = (
			);
			dependencies = (
				E100005001BCDEF /* PBXTargetDependency */,
			);
			name = CAITests;
			productName = CAITests;
			productReference = E100002201BCDEF /* CAITests.xctest */;
			productType = "com.apple.product-type.bundle.unit-test";
		};
/* End PBXNativeTarget section */

/* Begin PBXProject section */
		A1000080201BCDEF /* Project object */ = {
			isa = PBXProject;
			attributes = {
				BuildIndependentTargetsInParallel = 1;
				LastSwiftUpdateCheck = 1500;
				LastUpgradeCheck = 1500;
				TargetAttributes = {
					A1000060201BCDEF = {
						CreatedOnToolsVersion = 15.0;
					};
					E100007001BCDEF = {
						CreatedOnToolsVersion = 15.0;
						TestTargetID = A1000060201BCDEF;
					};
				};
			};
			buildConfigurationList = A1000081201BCDEF /* Build configuration list for PBXProject "CAI" */;
			compatibilityVersion = "Xcode 14.0";
			developmentRegion = en;
			hasScannedForEncodings = 0;
			knownRegions = (
				en,
				Base,
			);
			mainGroup = A1000040201BCDEF;
			productRefGroup = A1000050201BCDEF /* Products */;
			projectDirPath = "";
			projectRoot = "";
			targets = (
				A1000060201BCDEF /* CAI */,
				E100007001BCDEF /* CAITests */,
			);
		};
/* End PBXProject section */

/* Begin PBXResourcesBuildPhase section */
		A1000062201BCDEF /* Resources */ = {
			isa = PBXResourcesBuildPhase;
			buildActionMask = 2147483647;
			files = (
				A100000B201BCDEF /* Assets.xcassets in Resources */,
			);
			runOnlyForDeploymentPostprocessing = 0;
		};
/* End PBXResourcesBuildPhase section */

/* Begin PBXSourcesBuildPhase section */
		A1000061201BCDEF /* Sources */ = {
			isa = PBXSourcesBuildPhase;
			buildActionMask = 2147483647;
			files = (
				A1000001201BCDEF /* CAIApp.swift in Sources */,
				A1000002201BCDEF /* ContentView.swift in Sources */,
				A1000003201BCDEF /* ChatView.swift in Sources */,
				A1000004201BCDEF /* ConversationsView.swift in Sources */,
				A1000005201BCDEF /* SettingsView.swift in Sources */,
				A1000006201BCDEF /* ChatManager.swift in Sources */,
				A1000007201BCDEF /* ChatServiceProtocol.swift in Sources */,
				A1000008201BCDEF /* NATSChatService.swift in Sources */,
				A1000009201BCDEF /* BFFChatService.swift in Sources */,
				A100000A201BCDEF /* AuthManager.swift in Sources */,
				B1000011201BCDEF /* APIModels.swift in Sources */,
				B1000012201BCDEF /* APIClient.swift in Sources */,
				B1000013201BCDEF /* Extensions.swift in Sources */,
				B1000014201BCDEF /* BFFAPIService.swift in Sources */,
				B1000015201BCDEF /* RateLimitView.swift in Sources */,
				B1000016201BCDEF /* StorageView.swift in Sources */,
				C1000017201BCDEF /* MarkdownView.swift in Sources */,
				F1000019201BCDEF /* SafariView.swift in Sources */,
				G1000020201BCDEF /* CodeView.swift in Sources */,
				G1000021201BCDEF /* CodeManager.swift in Sources */,
				H1000011201BCDEF /* SAPSystem.swift in Sources */,
				H1000012201BCDEF /* KeychainStore.swift in Sources */,
				K1000011201BCDEF /* HapticManager.swift in Sources */,
				H1000013201BCDEF /* SAPSystemStore.swift in Sources */,
				H1000014201BCDEF /* CodeAPIService.swift in Sources */,
				H1000015201BCDEF /* SystemManagerView.swift in Sources */,
				J1000011201BCDEF /* ADTModels.swift in Sources */,
				J1000012201BCDEF /* ABAPHighlighter.swift in Sources */,
				J1000013201BCDEF /* ObjectBrowserView.swift in Sources */,
				J1000014201BCDEF /* SourceView.swift in Sources */,
				D1000018201BCDEF /* StorageViewModel.swift in Sources */,
			);
			runOnlyForDeploymentPostprocessing = 0;
		};
		E100006001BCDEF /* Sources (CAITests) */ = {
			isa = PBXSourcesBuildPhase;
			buildActionMask = 2147483647;
			files = (
				E100001001BCDEF /* CAITests.swift in Sources */,
				E100001101BCDEF /* MockChatService.swift in Sources */,
			);
			runOnlyForDeploymentPostprocessing = 0;
		};
/* End PBXSourcesBuildPhase section */

/* Begin XCBuildConfiguration section */
		A1000090201BCDEF /* Debug */ = {
			isa = XCBuildConfiguration;
			buildSettings = {
				ALWAYS_SEARCH_USER_PATHS = NO;
				ASSETCATALOG_COMPILER_GENERATE_SWIFT_ASSET_SYMBOL_EXTENSIONS = YES;
				CLANG_ANALYZER_NONNULL = YES;
				CLANG_ANALYZER_NUMBER_OBJECT_CONVERSION = YES_AGGRESSIVE;
				CLANG_CXX_LANGUAGE_STANDARD = "gnu++20";
				CLANG_ENABLE_MODULES = YES;
				CLANG_ENABLE_OBJC_ARC = YES;
				CLANG_ENABLE_OBJC_WEAK = YES;
				CLANG_WARN_BLOCK_CAPTURE_AUTORELEASING = YES;
				CLANG_WARN_BOOL_CONVERSION = YES;
				CLANG_WARN_COMMA = YES;
				CLANG_WARN_CONSTANT_CONVERSION = YES;
				CLANG_WARN_DEPRECATED_OBJC_IMPLEMENTATIONS = YES;
				CLANG_WARN_DIRECT_OBJC_ISA_USAGE = YES_ERROR;
				CLANG_WARN_DOCUMENTATION_COMMENTS = YES;
				CLANG_WARN_EMPTY_BODY = YES;
				CLANG_WARN_ENUM_CONVERSION = YES;
				CLANG_WARN_INFINITE_RECURSION = YES;
				CLANG_WARN_INT_CONVERSION = YES;
				CLANG_WARN_NON_LITERAL_NULL_CONVERSION = YES;
				CLANG_WARN_OBJC_IMPLICIT_RETAIN_SELF = YES;
				CLANG_WARN_OBJC_LITERAL_CONVERSION = YES;
				CLANG_WARN_OBJC_ROOT_CLASS = YES_ERROR;
				CLANG_WARN_QUOTED_INCLUDE_IN_FRAMEWORK_HEADER = YES;
				CLANG_WARN_RANGE_LOOP_ANALYSIS = YES;
				CLANG_WARN_STRICT_PROTOTYPES = YES;
				CLANG_WARN_SUSPICIOUS_MOVE = YES;
				CLANG_WARN_UNGUARDED_AVAILABILITY = YES_AGGRESSIVE;
				CLANG_WARN_UNREACHABLE_CODE = YES;
				CLANG_WARN__DUPLICATE_METHOD_MATCH = YES;
				COPY_PHASE_STRIP = NO;
				DEBUG_INFORMATION_FORMAT = dwarf;
				ENABLE_STRICT_OBJC_MSGSEND = YES;
				ENABLE_TESTABILITY = YES;
				ENABLE_USER_SCRIPT_SANDBOXING = YES;
				GCC_C_LANGUAGE_STANDARD = gnu17;
				GCC_DYNAMIC_NO_PIC = NO;
				GCC_NO_COMMON_BLOCKS = YES;
				GCC_OPTIMIZATION_LEVEL = 0;
				GCC_PREPROCESSOR_DEFINITIONS = (
					"DEBUG=1",
					"$(inherited)",
				);
				GCC_WARN_64_TO_32_BIT_CONVERSION = YES;
				GCC_WARN_ABOUT_RETURN_TYPE = YES_ERROR;
				GCC_WARN_UNDECLARED_SELECTOR = YES;
				GCC_WARN_UNINITIALIZED_AUTOS = YES_AGGRESSIVE;
				GCC_WARN_UNUSED_FUNCTION = YES;
				GCC_WARN_UNUSED_VARIABLE = YES;
				IPHONEOS_DEPLOYMENT_TARGET = 17.0;
				LOCALIZATION_PREFERS_STRING_CATALOGS = YES;
				MTL_ENABLE_DEBUG_INFO = INCLUDE_SOURCE;
				MTL_FAST_MATH = YES;
				ONLY_ACTIVE_ARCH = YES;
				SDKROOT = iphoneos;
				SWIFT_ACTIVE_COMPILATION_CONDITIONS = "DEBUG $(inherited)";
				SWIFT_OPTIMIZATION_LEVEL = "-Onone";
			};
			name = Debug;
		};
		A1000091201BCDEF /* Release */ = {
			isa = XCBuildConfiguration;
			buildSettings = {
				ALWAYS_SEARCH_USER_PATHS = NO;
				ASSETCATALOG_COMPILER_GENERATE_SWIFT_ASSET_SYMBOL_EXTENSIONS = YES;
				CLANG_ANALYZER_NONNULL = YES;
				CLANG_ANALYZER_NUMBER_OBJECT_CONVERSION = YES_AGGRESSIVE;
				CLANG_CXX_LANGUAGE_STANDARD = "gnu++20";
				CLANG_ENABLE_MODULES = YES;
				CLANG_ENABLE_OBJC_ARC = YES;
				CLANG_ENABLE_OBJC_WEAK = YES;
				CLANG_WARN_BLOCK_CAPTURE_AUTORELEASING = YES;
				CLANG_WARN_BOOL_CONVERSION = YES;
				CLANG_WARN_COMMA = YES;
				CLANG_WARN_CONSTANT_CONVERSION = YES;
				CLANG_WARN_DEPRECATED_OBJC_IMPLEMENTATIONS = YES;
				CLANG_WARN_DIRECT_OBJC_ISA_USAGE = YES_ERROR;
				CLANG_WARN_DOCUMENTATION_COMMENTS = YES;
				CLANG_WARN_EMPTY_BODY = YES;
				CLANG_WARN_ENUM_CONVERSION = YES;
				CLANG_WARN_INFINITE_RECURSION = YES;
				CLANG_WARN_INT_CONVERSION = YES;
				CLANG_WARN_NON_LITERAL_NULL_CONVERSION = YES;
				CLANG_WARN_OBJC_IMPLICIT_RETAIN_SELF = YES;
				CLANG_WARN_OBJC_LITERAL_CONVERSION = YES;
				CLANG_WARN_OBJC_ROOT_CLASS = YES_ERROR;
				CLANG_WARN_QUOTED_INCLUDE_IN_FRAMEWORK_HEADER = YES;
				CLANG_WARN_RANGE_LOOP_ANALYSIS = YES;
				CLANG_WARN_STRICT_PROTOTYPES = YES;
				CLANG_WARN_SUSPICIOUS_MOVE = YES;
				CLANG_WARN_UNGUARDED_AVAILABILITY = YES_AGGRESSIVE;
				CLANG_WARN_UNREACHABLE_CODE = YES;
				CLANG_WARN__DUPLICATE_METHOD_MATCH = YES;
				COPY_PHASE_STRIP = NO;
				DEBUG_INFORMATION_FORMAT = "dwarf-with-dsym";
				ENABLE_NS_ASSERTIONS = NO;
				ENABLE_STRICT_OBJC_MSGSEND = YES;
				ENABLE_USER_SCRIPT_SANDBOXING = YES;
				GCC_C_LANGUAGE_STANDARD = gnu17;
				GCC_NO_COMMON_BLOCKS = YES;
				GCC_WARN_64_TO_32_BIT_CONVERSION = YES;
				GCC_WARN_ABOUT_RETURN_TYPE = YES_ERROR;
				GCC_WARN_UNDECLARED_SELECTOR = YES;
				GCC_WARN_UNINITIALIZED_AUTOS = YES_AGGRESSIVE;
				GCC_WARN_UNUSED_FUNCTION = YES;
				GCC_WARN_UNUSED_VARIABLE = YES;
				IPHONEOS_DEPLOYMENT_TARGET = 17.0;
				LOCALIZATION_PREFERS_STRING_CATALOGS = YES;
				MTL_ENABLE_DEBUG_INFO = NO;
				MTL_FAST_MATH = YES;
				SDKROOT = iphoneos;
				SWIFT_COMPILATION_MODE = wholemodule;
				VALIDATE_PRODUCT = YES;
			};
			name = Release;
		};
		A1000092201BCDEF /* Debug */ = {
			isa = XCBuildConfiguration;
			buildSettings = {
				ASSETCATALOG_COMPILER_APPICON_NAME = AppIcon;
				ASSETCATALOG_COMPILER_GLOBAL_ACCENT_COLOR_NAME = AccentColor;
				CODE_SIGN_STYLE = Automatic;
				CURRENT_PROJECT_VERSION = 1;
				DEVELOPMENT_TEAM = UR7HWT72SR;
				ENABLE_PREVIEWS = YES;
				GENERATE_INFOPLIST_FILE = YES;
				INFOPLIST_FILE = CAI/Info.plist;
				INFOPLIST_KEY_UIApplicationSceneManifest_Generation = YES;
				INFOPLIST_KEY_UIApplicationSupportsIndirectInputEvents = YES;
				INFOPLIST_KEY_UILaunchScreen_Generation = YES;
				INFOPLIST_KEY_UISupportedInterfaceOrientations_iPad = "UIInterfaceOrientationPortrait UIInterfaceOrientationPortraitUpsideDown UIInterfaceOrientationLandscapeLeft UIInterfaceOrientationLandscapeRight";
				INFOPLIST_KEY_UISupportedInterfaceOrientations_iPhone = "UIInterfaceOrientationPortrait UIInterfaceOrientationLandscapeLeft UIInterfaceOrientationLandscapeRight";
				LD_RUNPATH_SEARCH_PATHS = (
					"$(inherited)",
					"@executable_path/Frameworks",
				);
				MARKETING_VERSION = 1.0;
				PRODUCT_BUNDLE_IDENTIFIER = com.bluefunda.ai;
				PRODUCT_NAME = "$(TARGET_NAME)";
				SWIFT_EMIT_LOC_STRINGS = YES;
				SWIFT_VERSION = 5.0;
				TARGETED_DEVICE_FAMILY = "1,2";
			};
			name = Debug;
		};
		A1000093201BCDEF /* Release */ = {
			isa = XCBuildConfiguration;
			buildSettings = {
				ASSETCATALOG_COMPILER_APPICON_NAME = AppIcon;
				ASSETCATALOG_COMPILER_GLOBAL_ACCENT_COLOR_NAME = AccentColor;
				CODE_SIGN_IDENTITY = "Apple Distribution";
				CODE_SIGN_STYLE = Manual;
				CURRENT_PROJECT_VERSION = 1;
				DEVELOPMENT_TEAM = UR7HWT72SR;
				ENABLE_PREVIEWS = YES;
				GENERATE_INFOPLIST_FILE = YES;
				INFOPLIST_FILE = CAI/Info.plist;
				INFOPLIST_KEY_UIApplicationSceneManifest_Generation = YES;
				INFOPLIST_KEY_UIApplicationSupportsIndirectInputEvents = YES;
				INFOPLIST_KEY_UILaunchScreen_Generation = YES;
				INFOPLIST_KEY_UISupportedInterfaceOrientations_iPad = "UIInterfaceOrientationPortrait UIInterfaceOrientationPortraitUpsideDown UIInterfaceOrientationLandscapeLeft UIInterfaceOrientationLandscapeRight";
				INFOPLIST_KEY_UISupportedInterfaceOrientations_iPhone = "UIInterfaceOrientationPortrait UIInterfaceOrientationLandscapeLeft UIInterfaceOrientationLandscapeRight";
				LD_RUNPATH_SEARCH_PATHS = (
					"$(inherited)",
					"@executable_path/Frameworks",
				);
				MARKETING_VERSION = 1.0;
				PRODUCT_BUNDLE_IDENTIFIER = com.bluefunda.ai;
				PRODUCT_NAME = "$(TARGET_NAME)";
				PROVISIONING_PROFILE_SPECIFIER = "BlueFunda AI App Store";
				SWIFT_EMIT_LOC_STRINGS = YES;
				SWIFT_VERSION = 5.0;
				TARGETED_DEVICE_FAMILY = "1,2";
			};
			name = Release;
		};
		E100008001BCDEF /* Debug (CAITests) */ = {
			isa = XCBuildConfiguration;
			buildSettings = {
				BUNDLE_LOADER = "$(TEST_HOST)";
				CODE_SIGN_STYLE = Automatic;
				CURRENT_PROJECT_VERSION = 1;
				GENERATE_INFOPLIST_FILE = YES;
				IPHONEOS_DEPLOYMENT_TARGET = 17.0;
				MARKETING_VERSION = 1.0;
				PRODUCT_BUNDLE_IDENTIFIER = "com.bluefunda.ai.tests";
				PRODUCT_NAME = "$(TARGET_NAME)";
				SWIFT_EMIT_LOC_STRINGS = NO;
				SWIFT_VERSION = 5.0;
				TARGETED_DEVICE_FAMILY = "1,2";
				TEST_HOST = "$(BUILT_PRODUCTS_DIR)/CAI.app/$(BUNDLE_EXECUTABLE_FOLDER_PATH)/CAI";
			};
			name = Debug;
		};
		E100008101BCDEF /* Release (CAITests) */ = {
			isa = XCBuildConfiguration;
			buildSettings = {
				BUNDLE_LOADER = "$(TEST_HOST)";
				CODE_SIGN_STYLE = Automatic;
				CURRENT_PROJECT_VERSION = 1;
				GENERATE_INFOPLIST_FILE = YES;
				IPHONEOS_DEPLOYMENT_TARGET = 17.0;
				MARKETING_VERSION = 1.0;
				PRODUCT_BUNDLE_IDENTIFIER = "com.bluefunda.ai.tests";
				PRODUCT_NAME = "$(TARGET_NAME)";
				SWIFT_EMIT_LOC_STRINGS = NO;
				SWIFT_VERSION = 5.0;
				TARGETED_DEVICE_FAMILY = "1,2";
				TEST_HOST = "$(BUILT_PRODUCTS_DIR)/CAI.app/$(BUNDLE_EXECUTABLE_FOLDER_PATH)/CAI";
			};
			name = Release;
		};
/* End XCBuildConfiguration section */

/* Begin XCConfigurationList section */
		A1000070201BCDEF /* Build configuration list for PBXNativeTarget "CAI" */ = {
			isa = XCConfigurationList;
			buildConfigurations = (
				A1000092201BCDEF /* Debug */,
				A1000093201BCDEF /* Release */,
			);
			defaultConfigurationIsVisible = 0;
			defaultConfigurationName = Release;
		};
		A1000081201BCDEF /* Build configuration list for PBXProject "CAI" */ = {
			isa = XCConfigurationList;
			buildConfigurations = (
				A1000090201BCDEF /* Debug */,
				A1000091201BCDEF /* Release */,
			);
			defaultConfigurationIsVisible = 0;
			defaultConfigurationName = Release;
		};
		E100009001BCDEF /* Build configuration list for PBXNativeTarget "CAITests" */ = {
			isa = XCConfigurationList;
			buildConfigurations = (
				E100008001BCDEF /* Debug */,
				E100008101BCDEF /* Release */,
			);
			defaultConfigurationIsVisible = 0;
			defaultConfigurationName = Release;
		};
/* End XCConfigurationList section */
	};
	rootObject = A1000080201BCDEF /* Project object */;
}
